
Microsoft Visual Studio Solution File, Format Version 12.00
# Visual Studio Version 17
VisualStudioVersion = 17.8.34330.188
MinimumVisualStudioVersion = 10.0.40219.1
Project("{FAE04EC0-301F-11D3-BF4B-00C04F79EFBC}") = "Jcf.Lab.ChatSignalR.Server", "Jcf.Lab.ChatSignalR.Server\Jcf.Lab.ChatSignalR.Server.csproj", "{734E9B3C-68B7-4B63-82C8-D2ECAEF0FA32}"
EndProject
Global
	GlobalSection(SolutionConfigurationPlatforms) = preSolution
		Debug|Any CPU = Debug|Any CPU
		Release|Any CPU = Release|Any CPU
	EndGlobalSection
	GlobalSection(ProjectConfigurationPlatforms) = postSolution
		{734E9B3C-68B7-4B63-82C8-D2ECAEF0FA32}.Debug|Any CPU.ActiveCfg = Debug|Any CPU
		{734E9B3C-68B7-4B63-82C8-D2ECAEF0FA32}.Debug|Any CPU.Build.0 = Debug|Any CPU
		{734E9B3C-68B7-4B63-82C8-D2ECAEF0FA32}.Release|Any CPU.ActiveCfg = Release|Any CPU
		{734E9B3C-68B7-4B63-82C8-D2ECAEF0FA32}.Release|Any CPU.Build.0 = Release|Any CPU
	EndGlobalSection
	GlobalSection(SolutionProperties) = preSolution
		HideSolutionNode = FALSE
	EndGlobalSection
	GlobalSection(ExtensibilityGlobals) = postSolution
		SolutionGuid = {DC63FAC9-28DE-499F-B63F-30DDD9D1AFA9}
	EndGlobalSection
EndGlobal
